# This file is automatically @generated by Poetry 1.6.1 and should not be changed by hand.

[[package]]
name = "click"
version = "8.1.7"
description = "Composable command line interface toolkit"
optional = false
python-versions = ">=3.7"
files = [
    {file = "click-8.1.7-py3-none-any.whl", hash = "sha256:ae74fb96c20a0277a1d615f1e4d73c8414f5a98db8b799a7931d1582f3390c28"},
    {file = "click-8.1.7.tar.gz", hash = "sha256:ca9853ad459e787e2192211578cc907e7594e294c7ccc834310722b41b9ca6de"},
]

[package.dependencies]
colorama = {version = "*", markers = "platform_system == \"Windows\""}

[[package]]
name = "colorama"
version = "0.4.6"
description = "Cross-platform colored terminal text."
optional = false
python-versions = "!=3.0.*,!=3.1.*,!=3.2.*,!=3.3.*,!=3.4.*,!=3.5.*,!=3.6.*,>=2.7"
files = [
    {file = "colorama-0.4.6-py2.py3-none-any.whl", hash = "sha256:4f1d9991f5acc0ca119f9d443620b77f9d6b33703e51011c16baf57afb285fc6"},
    {file = "colorama-0.4.6.tar.gz", hash = "sha256:08695f5cb7ed6e0531a20572697297273c47b8cae5a63ffc6d6ed5c201be6e44"},
]

[[package]]
name = "numpy"
version = "1.25.2"
description = "Fundamental package for array computing in Python"
optional = false
python-versions = ">=3.9"
files = [
    {file = "numpy-1.25.2-cp310-cp310-macosx_10_9_x86_64.whl", hash = "sha256:db3ccc4e37a6873045580d413fe79b68e47a681af8db2e046f1dacfa11f86eb3"},
    {file = "numpy-1.25.2-cp310-cp310-macosx_11_0_arm64.whl", hash = "sha256:90319e4f002795ccfc9050110bbbaa16c944b1c37c0baeea43c5fb881693ae1f"},
    {file = "numpy-1.25.2-cp310-cp310-manylinux_2_17_aarch64.manylinux2014_aarch64.whl", hash = "sha256:dfe4a913e29b418d096e696ddd422d8a5d13ffba4ea91f9f60440a3b759b0187"},
    {file = "numpy-1.25.2-cp310-cp310-manylinux_2_17_x86_64.manylinux2014_x86_64.whl", hash = "sha256:f08f2e037bba04e707eebf4bc934f1972a315c883a9e0ebfa8a7756eabf9e357"},
    {file = "numpy-1.25.2-cp310-cp310-musllinux_1_1_x86_64.whl", hash = "sha256:bec1e7213c7cb00d67093247f8c4db156fd03075f49876957dca4711306d39c9"},
    {file = "numpy-1.25.2-cp310-cp310-win32.whl", hash = "sha256:7dc869c0c75988e1c693d0e2d5b26034644399dd929bc049db55395b1379e044"},
    {file = "numpy-1.25.2-cp310-cp310-win_amd64.whl", hash = "sha256:834b386f2b8210dca38c71a6e0f4fd6922f7d3fcff935dbe3a570945acb1b545"},
    {file = "numpy-1.25.2-cp311-cp311-macosx_10_9_x86_64.whl", hash = "sha256:c5462d19336db4560041517dbb7759c21d181a67cb01b36ca109b2ae37d32418"},
    {file = "numpy-1.25.2-cp311-cp311-macosx_11_0_arm64.whl", hash = "sha256:c5652ea24d33585ea39eb6a6a15dac87a1206a692719ff45d53c5282e66d4a8f"},
    {file = "numpy-1.25.2-cp311-cp311-manylinux_2_17_aarch64.manylinux2014_aarch64.whl", hash = "sha256:0d60fbae8e0019865fc4784745814cff1c421df5afee233db6d88ab4f14655a2"},
    {file = "numpy-1.25.2-cp311-cp311-manylinux_2_17_x86_64.manylinux2014_x86_64.whl", hash = "sha256:60e7f0f7f6d0eee8364b9a6304c2845b9c491ac706048c7e8cf47b83123b8dbf"},
    {file = "numpy-1.25.2-cp311-cp311-musllinux_1_1_x86_64.whl", hash = "sha256:bb33d5a1cf360304754913a350edda36d5b8c5331a8237268c48f91253c3a364"},
    {file = "numpy-1.25.2-cp311-cp311-win32.whl", hash = "sha256:5883c06bb92f2e6c8181df7b39971a5fb436288db58b5a1c3967702d4278691d"},
    {file = "numpy-1.25.2-cp311-cp311-win_amd64.whl", hash = "sha256:5c97325a0ba6f9d041feb9390924614b60b99209a71a69c876f71052521d42a4"},
    {file = "numpy-1.25.2-cp39-cp39-macosx_10_9_x86_64.whl", hash = "sha256:b79e513d7aac42ae918db3ad1341a015488530d0bb2a6abcbdd10a3a829ccfd3"},
    {file = "numpy-1.25.2-cp39-cp39-macosx_11_0_arm64.whl", hash = "sha256:eb942bfb6f84df5ce05dbf4b46673ffed0d3da59f13635ea9b926af3deb76926"},
    {file = "numpy-1.25.2-cp39-cp39-manylinux_2_17_aarch64.manylinux2014_aarch64.whl", hash = "sha256:3e0746410e73384e70d286f93abf2520035250aad8c5714240b0492a7302fdca"},
    {file = "numpy-1.25.2-cp39-cp39-manylinux_2_17_x86_64.manylinux2014_x86_64.whl", hash = "sha256:d7806500e4f5bdd04095e849265e55de20d8cc4b661b038957354327f6d9b295"},
    {file = "numpy-1.25.2-cp39-cp39-musllinux_1_1_x86_64.whl", hash = "sha256:8b77775f4b7df768967a7c8b3567e309f617dd5e99aeb886fa14dc1a0791141f"},
    {file = "numpy-1.25.2-cp39-cp39-win32.whl", hash = "sha256:2792d23d62ec51e50ce4d4b7d73de8f67a2fd3ea710dcbc8563a51a03fb07b01"},
    {file = "numpy-1.25.2-cp39-cp39-win_amd64.whl", hash = "sha256:76b4115d42a7dfc5d485d358728cdd8719be33cc5ec6ec08632a5d6fca2ed380"},
    {file = "numpy-1.25.2-pp39-pypy39_pp73-macosx_10_9_x86_64.whl", hash = "sha256:1a1329e26f46230bf77b02cc19e900db9b52f398d6722ca853349a782d4cff55"},
    {file = "numpy-1.25.2-pp39-pypy39_pp73-manylinux_2_17_x86_64.manylinux2014_x86_64.whl", hash = "sha256:4c3abc71e8b6edba80a01a52e66d83c5d14433cbcd26a40c329ec7ed09f37901"},
    {file = "numpy-1.25.2-pp39-pypy39_pp73-win_amd64.whl", hash = "sha256:1b9735c27cea5d995496f46a8b1cd7b408b3f34b6d50459d9ac8fe3a20cc17bf"},
    {file = "numpy-1.25.2.tar.gz", hash = "sha256:fd608e19c8d7c55021dffd43bfe5492fab8cc105cc8986f813f8c3c048b38760"},
]

[[package]]
name = "numpy"
version = "1.26.0"
description = "Fundamental package for array computing in Python"
optional = false
python-versions = "<3.13,>=3.9"
files = [
    {file = "numpy-1.26.0-cp310-cp310-macosx_10_9_x86_64.whl", hash = "sha256:f8db2f125746e44dce707dd44d4f4efeea8d7e2b43aace3f8d1f235cfa2733dd"},
    {file = "numpy-1.26.0-cp310-cp310-macosx_11_0_arm64.whl", hash = "sha256:0621f7daf973d34d18b4e4bafb210bbaf1ef5e0100b5fa750bd9cde84c7ac292"},
    {file = "numpy-1.26.0-cp310-cp310-manylinux_2_17_aarch64.manylinux2014_aarch64.whl", hash = "sha256:51be5f8c349fdd1a5568e72713a21f518e7d6707bcf8503b528b88d33b57dc68"},
    {file = "numpy-1.26.0-cp310-cp310-manylinux_2_17_x86_64.manylinux2014_x86_64.whl", hash = "sha256:767254ad364991ccfc4d81b8152912e53e103ec192d1bb4ea6b1f5a7117040be"},
    {file = "numpy-1.26.0-cp310-cp310-musllinux_1_1_x86_64.whl", hash = "sha256:436c8e9a4bdeeee84e3e59614d38c3dbd3235838a877af8c211cfcac8a80b8d3"},
    {file = "numpy-1.26.0-cp310-cp310-win32.whl", hash = "sha256:c2e698cb0c6dda9372ea98a0344245ee65bdc1c9dd939cceed6bb91256837896"},
    {file = "numpy-1.26.0-cp310-cp310-win_amd64.whl", hash = "sha256:09aaee96c2cbdea95de76ecb8a586cb687d281c881f5f17bfc0fb7f5890f6b91"},
    {file = "numpy-1.26.0-cp311-cp311-macosx_10_9_x86_64.whl", hash = "sha256:637c58b468a69869258b8ae26f4a4c6ff8abffd4a8334c830ffb63e0feefe99a"},
    {file = "numpy-1.26.0-cp311-cp311-macosx_11_0_arm64.whl", hash = "sha256:306545e234503a24fe9ae95ebf84d25cba1fdc27db971aa2d9f1ab6bba19a9dd"},
    {file = "numpy-1.26.0-cp311-cp311-manylinux_2_17_aarch64.manylinux2014_aarch64.whl", hash = "sha256:8c6adc33561bd1d46f81131d5352348350fc23df4d742bb246cdfca606ea1208"},
    {file = "numpy-1.26.0-cp311-cp311-manylinux_2_17_x86_64.manylinux2014_x86_64.whl", hash = "sha256:e062aa24638bb5018b7841977c360d2f5917268d125c833a686b7cbabbec496c"},
    {file = "numpy-1.26.0-cp311-cp311-musllinux_1_1_x86_64.whl", hash = "sha256:546b7dd7e22f3c6861463bebb000646fa730e55df5ee4a0224408b5694cc6148"},
    {file = "numpy-1.26.0-cp311-cp311-win32.whl", hash = "sha256:c0b45c8b65b79337dee5134d038346d30e109e9e2e9d43464a2970e5c0e93229"},
    {file = "numpy-1.26.0-cp311-cp311-win_amd64.whl", hash = "sha256:eae430ecf5794cb7ae7fa3808740b015aa80747e5266153128ef055975a72b99"},
    {file = "numpy-1.26.0-cp312-cp312-macosx_10_9_x86_64.whl", hash = "sha256:166b36197e9debc4e384e9c652ba60c0bacc216d0fc89e78f973a9760b503388"},
    {file = "numpy-1.26.0-cp312-cp312-macosx_11_0_arm64.whl", hash = "sha256:f042f66d0b4ae6d48e70e28d487376204d3cbf43b84c03bac57e28dac6151581"},
    {file = "numpy-1.26.0-cp312-cp312-manylinux_2_17_aarch64.manylinux2014_aarch64.whl", hash = "sha256:e5e18e5b14a7560d8acf1c596688f4dfd19b4f2945b245a71e5af4ddb7422feb"},
    {file = "numpy-1.26.0-cp312-cp312-manylinux_2_17_x86_64.manylinux2014_x86_64.whl", hash = "sha256:7f6bad22a791226d0a5c7c27a80a20e11cfe09ad5ef9084d4d3fc4a299cca505"},
    {file = "numpy-1.26.0-cp312-cp312-musllinux_1_1_x86_64.whl", hash = "sha256:4acc65dd65da28060e206c8f27a573455ed724e6179941edb19f97e58161bb69"},
    {file = "numpy-1.26.0-cp312-cp312-win32.whl", hash = "sha256:bb0d9a1aaf5f1cb7967320e80690a1d7ff69f1d47ebc5a9bea013e3a21faec95"},
    {file = "numpy-1.26.0-cp312-cp312-win_amd64.whl", hash = "sha256:ee84ca3c58fe48b8ddafdeb1db87388dce2c3c3f701bf447b05e4cfcc3679112"},
    {file = "numpy-1.26.0-cp39-cp39-macosx_10_9_x86_64.whl", hash = "sha256:4a873a8180479bc829313e8d9798d5234dfacfc2e8a7ac188418189bb8eafbd2"},
    {file = "numpy-1.26.0-cp39-cp39-macosx_11_0_arm64.whl", hash = "sha256:914b28d3215e0c721dc75db3ad6d62f51f630cb0c277e6b3bcb39519bed10bd8"},
    {file = "numpy-1.26.0-cp39-cp39-manylinux_2_17_aarch64.manylinux2014_aarch64.whl", hash = "sha256:c78a22e95182fb2e7874712433eaa610478a3caf86f28c621708d35fa4fd6e7f"},
    {file = "numpy-1.26.0-cp39-cp39-manylinux_2_17_x86_64.manylinux2014_x86_64.whl", hash = "sha256:86f737708b366c36b76e953c46ba5827d8c27b7a8c9d0f471810728e5a2fe57c"},
    {file = "numpy-1.26.0-cp39-cp39-musllinux_1_1_x86_64.whl", hash = "sha256:b44e6a09afc12952a7d2a58ca0a2429ee0d49a4f89d83a0a11052da696440e49"},
    {file = "numpy-1.26.0-cp39-cp39-win32.whl", hash = "sha256:5671338034b820c8d58c81ad1dafc0ed5a00771a82fccc71d6438df00302094b"},
    {file = "numpy-1.26.0-cp39-cp39-win_amd64.whl", hash = "sha256:020cdbee66ed46b671429c7265cf00d8ac91c046901c55684954c3958525dab2"},
    {file = "numpy-1.26.0-pp39-pypy39_pp73-macosx_10_9_x86_64.whl", hash = "sha256:0792824ce2f7ea0c82ed2e4fecc29bb86bee0567a080dacaf2e0a01fe7654369"},
    {file = "numpy-1.26.0-pp39-pypy39_pp73-manylinux_2_17_x86_64.manylinux2014_x86_64.whl", hash = "sha256:7d484292eaeb3e84a51432a94f53578689ffdea3f90e10c8b203a99be5af57d8"},
    {file = "numpy-1.26.0-pp39-pypy39_pp73-win_amd64.whl", hash = "sha256:186ba67fad3c60dbe8a3abff3b67a91351100f2661c8e2a80364ae6279720299"},
    {file = "numpy-1.26.0.tar.gz", hash = "sha256:f93fc78fe8bf15afe2b8d6b6499f1c73953169fad1e9a8dd086cdff3190e7fdf"},
]

[[package]]
name = "pandas"
version = "2.1.0"
description = "Powerful data structures for data analysis, time series, and statistics"
optional = false
python-versions = ">=3.9"
files = [
    {file = "pandas-2.1.0-cp310-cp310-macosx_10_9_x86_64.whl", hash = "sha256:40dd20439ff94f1b2ed55b393ecee9cb6f3b08104c2c40b0cb7186a2f0046242"},
    {file = "pandas-2.1.0-cp310-cp310-macosx_11_0_arm64.whl", hash = "sha256:d4f38e4fedeba580285eaac7ede4f686c6701a9e618d8a857b138a126d067f2f"},
    {file = "pandas-2.1.0-cp310-cp310-manylinux_2_17_aarch64.manylinux2014_aarch64.whl", hash = "sha256:6e6a0fe052cf27ceb29be9429428b4918f3740e37ff185658f40d8702f0b3e09"},
    {file = "pandas-2.1.0-cp310-cp310-manylinux_2_17_x86_64.manylinux2014_x86_64.whl", hash = "sha256:9d81e1813191070440d4c7a413cb673052b3b4a984ffd86b8dd468c45742d3cc"},
    {file = "pandas-2.1.0-cp310-cp310-musllinux_1_1_x86_64.whl", hash = "sha256:eb20252720b1cc1b7d0b2879ffc7e0542dd568f24d7c4b2347cb035206936421"},
    {file = "pandas-2.1.0-cp310-cp310-win_amd64.whl", hash = "sha256:38f74ef7ebc0ffb43b3d633e23d74882bce7e27bfa09607f3c5d3e03ffd9a4a5"},
    {file = "pandas-2.1.0-cp311-cp311-macosx_10_9_x86_64.whl", hash = "sha256:cda72cc8c4761c8f1d97b169661f23a86b16fdb240bdc341173aee17e4d6cedd"},
    {file = "pandas-2.1.0-cp311-cp311-macosx_11_0_arm64.whl", hash = "sha256:d97daeac0db8c993420b10da4f5f5b39b01fc9ca689a17844e07c0a35ac96b4b"},
    {file = "pandas-2.1.0-cp311-cp311-manylinux_2_17_aarch64.manylinux2014_aarch64.whl", hash = "sha256:d8c58b1113892e0c8078f006a167cc210a92bdae23322bb4614f2f0b7a4b510f"},
    {file = "pandas-2.1.0-cp311-cp311-manylinux_2_17_x86_64.manylinux2014_x86_64.whl", hash = "sha256:629124923bcf798965b054a540f9ccdfd60f71361255c81fa1ecd94a904b9dd3"},
    {file = "pandas-2.1.0-cp311-cp311-musllinux_1_1_x86_64.whl", hash = "sha256:70cf866af3ab346a10debba8ea78077cf3a8cd14bd5e4bed3d41555a3280041c"},
    {file = "pandas-2.1.0-cp311-cp311-win_amd64.whl", hash = "sha256:d53c8c1001f6a192ff1de1efe03b31a423d0eee2e9e855e69d004308e046e694"},
    {file = "pandas-2.1.0-cp39-cp39-macosx_10_9_x86_64.whl", hash = "sha256:86f100b3876b8c6d1a2c66207288ead435dc71041ee4aea789e55ef0e06408cb"},
    {file = "pandas-2.1.0-cp39-cp39-macosx_11_0_arm64.whl", hash = "sha256:28f330845ad21c11db51e02d8d69acc9035edfd1116926ff7245c7215db57957"},
    {file = "pandas-2.1.0-cp39-cp39-manylinux_2_17_aarch64.manylinux2014_aarch64.whl", hash = "sha256:b9a6ccf0963db88f9b12df6720e55f337447aea217f426a22d71f4213a3099a6"},
    {file = "pandas-2.1.0-cp39-cp39-manylinux_2_17_x86_64.manylinux2014_x86_64.whl", hash = "sha256:d99e678180bc59b0c9443314297bddce4ad35727a1a2656dbe585fd78710b3b9"},
    {file = "pandas-2.1.0-cp39-cp39-musllinux_1_1_x86_64.whl", hash = "sha256:b31da36d376d50a1a492efb18097b9101bdbd8b3fbb3f49006e02d4495d4c644"},
    {file = "pandas-2.1.0-cp39-cp39-win_amd64.whl", hash = "sha256:0164b85937707ec7f70b34a6c3a578dbf0f50787f910f21ca3b26a7fd3363437"},
    {file = "pandas-2.1.0.tar.gz", hash = "sha256:62c24c7fc59e42b775ce0679cfa7b14a5f9bfb7643cfbe708c960699e05fb918"},
]

[package.dependencies]
numpy = [
    {version = ">=1.22.4", markers = "python_version < \"3.11\""},
    {version = ">=1.23.2", markers = "python_version >= \"3.11\""},
]
python-dateutil = ">=2.8.2"
pytz = ">=2020.1"
tzdata = ">=2022.1"

[package.extras]
all = ["PyQt5 (>=5.15.6)", "SQLAlchemy (>=1.4.36)", "beautifulsoup4 (>=4.11.1)", "bottleneck (>=1.3.4)", "dataframe-api-compat (>=0.1.7)", "fastparquet (>=0.8.1)", "fsspec (>=2022.05.0)", "gcsfs (>=2022.05.0)", "html5lib (>=1.1)", "hypothesis (>=6.46.1)", "jinja2 (>=3.1.2)", "lxml (>=4.8.0)", "matplotlib (>=3.6.1)", "numba (>=0.55.2)", "numexpr (>=2.8.0)", "odfpy (>=1.4.1)", "openpyxl (>=3.0.10)", "pandas-gbq (>=0.17.5)", "psycopg2 (>=2.9.3)", "pyarrow (>=7.0.0)", "pymysql (>=1.0.2)", "pyreadstat (>=1.1.5)", "pytest (>=7.3.2)", "pytest-asyncio (>=0.17.0)", "pytest-xdist (>=2.2.0)", "pyxlsb (>=1.0.9)", "qtpy (>=2.2.0)", "s3fs (>=2022.05.0)", "scipy (>=1.8.1)", "tables (>=3.7.0)", "tabulate (>=0.8.10)", "xarray (>=2022.03.0)", "xlrd (>=2.0.1)", "xlsxwriter (>=3.0.3)", "zstandard (>=0.17.0)"]
aws = ["s3fs (>=2022.05.0)"]
clipboard = ["PyQt5 (>=5.15.6)", "qtpy (>=2.2.0)"]
compression = ["zstandard (>=0.17.0)"]
computation = ["scipy (>=1.8.1)", "xarray (>=2022.03.0)"]
consortium-standard = ["dataframe-api-compat (>=0.1.7)"]
excel = ["odfpy (>=1.4.1)", "openpyxl (>=3.0.10)", "pyxlsb (>=1.0.9)", "xlrd (>=2.0.1)", "xlsxwriter (>=3.0.3)"]
feather = ["pyarrow (>=7.0.0)"]
fss = ["fsspec (>=2022.05.0)"]
gcp = ["gcsfs (>=2022.05.0)", "pandas-gbq (>=0.17.5)"]
hdf5 = ["tables (>=3.7.0)"]
html = ["beautifulsoup4 (>=4.11.1)", "html5lib (>=1.1)", "lxml (>=4.8.0)"]
mysql = ["SQLAlchemy (>=1.4.36)", "pymysql (>=1.0.2)"]
output-formatting = ["jinja2 (>=3.1.2)", "tabulate (>=0.8.10)"]
parquet = ["pyarrow (>=7.0.0)"]
performance = ["bottleneck (>=1.3.4)", "numba (>=0.55.2)", "numexpr (>=2.8.0)"]
plot = ["matplotlib (>=3.6.1)"]
postgresql = ["SQLAlchemy (>=1.4.36)", "psycopg2 (>=2.9.3)"]
spss = ["pyreadstat (>=1.1.5)"]
sql-other = ["SQLAlchemy (>=1.4.36)"]
test = ["hypothesis (>=6.46.1)", "pytest (>=7.3.2)", "pytest-asyncio (>=0.17.0)", "pytest-xdist (>=2.2.0)"]
xml = ["lxml (>=4.8.0)"]

[[package]]
name = "pyqt6"
version = "6.4.2"
description = "Python bindings for the Qt cross platform application toolkit"
optional = false
python-versions = ">=3.6.1"
files = [
    {file = "PyQt6-6.4.2-cp37-abi3-macosx_10_14_universal2.whl", hash = "sha256:c128bc0f17833e324593e3db83e99470d451a197dd17ff0333927b946c935bd9"},
    {file = "PyQt6-6.4.2-cp37-abi3-manylinux_2_28_x86_64.whl", hash = "sha256:18d1daf98d9236d55102cdadafd1056f5802f3c9288fcf7238569937b71a89f0"},
    {file = "PyQt6-6.4.2-cp37-abi3-win_amd64.whl", hash = "sha256:25bd399b4a95dce65d5f937c1aa85d3c7e14a21745ae2a4ca14c0116cd104290"},
    {file = "PyQt6-6.4.2.tar.gz", hash = "sha256:740244f608fe15ee1d89695c43f31a14caeca41c4f02ac36c86dfba4a5d5813d"},
]

[package.dependencies]
PyQt6-Qt6 = ">=6.4.0"
PyQt6-sip = ">=13.4,<14"

[[package]]
name = "pyqt6-plugins"
version = "6.4.2.2.3"
description = "PyQt Designer and QML plugins"
optional = false
python-versions = ">=3.7"
files = [
    {file = "pyqt6_plugins-6.4.2.2.3-cp310-cp310-macosx_11_0_x86_64.whl", hash = "sha256:01f9ce8538894970354ee1a6084685b18076c87fc71042fc1076b29ef13f5783"},
    {file = "pyqt6_plugins-6.4.2.2.3-cp310-cp310-manylinux2014_x86_64.whl", hash = "sha256:49c2704edc09dbfd95557701d6deb287f2e1a5df7eee1345d02d234118942b0d"},
    {file = "pyqt6_plugins-6.4.2.2.3-cp310-cp310-win_amd64.whl", hash = "sha256:8d021627e73de9768ab1d8e30fbe0df02b82e070e30e2990ecf2c9da5834d515"},
    {file = "pyqt6_plugins-6.4.2.2.3-cp311-cp311-macosx_10_14_universal2.whl", hash = "sha256:680c483d03442902fff13e519ca890d2dded4fe14d9ad9b088b5c8ce7040ec9b"},
    {file = "pyqt6_plugins-6.4.2.2.3-cp311-cp311-manylinux2014_x86_64.whl", hash = "sha256:0e7fc73da2272d401b60eab16b17ba123ebc58b98fdd05de12fd79bc35544c8f"},
    {file = "pyqt6_plugins-6.4.2.2.3-cp311-cp311-win_amd64.whl", hash = "sha256:bca16efe5c26b1cddbfd2b66c5464f8a1ec7d7226fd95a63d32326707b0bb665"},
    {file = "pyqt6_plugins-6.4.2.2.3-cp37-cp37m-macosx_10_15_x86_64.whl", hash = "sha256:f4b7dafd93fe7478d61145fc7b4f6ced261b17459fe5553f2ab8752a40d29155"},
    {file = "pyqt6_plugins-6.4.2.2.3-cp37-cp37m-manylinux2014_x86_64.whl", hash = "sha256:77ecdcb0bdf3e52a1a2c30ab0e9fac0d43803e8c517c507bb8d6055ae61a9ae1"},
    {file = "pyqt6_plugins-6.4.2.2.3-cp37-cp37m-win_amd64.whl", hash = "sha256:f1762458710138f23496be5b3fae593b04248db655189a8d2bd4fa5efbfc10a1"},
    {file = "pyqt6_plugins-6.4.2.2.3-cp38-cp38-macosx_10_15_x86_64.whl", hash = "sha256:a63ee26b7cd4415ddf8758c30064b01e19f31a286404ecfe430ae93c1c7b2a1c"},
    {file = "pyqt6_plugins-6.4.2.2.3-cp38-cp38-manylinux2014_x86_64.whl", hash = "sha256:91a40447879dfc8c7d232bef04182fb80e2e9698dfeb7a7cf47832f785fbd7f6"},
    {file = "pyqt6_plugins-6.4.2.2.3-cp38-cp38-win_amd64.whl", hash = "sha256:e42f00a73ed91fc93fac27b169dace6928f4eb7a6b1c143345c27158594528b0"},
    {file = "pyqt6_plugins-6.4.2.2.3-cp39-cp39-macosx_11_0_x86_64.whl", hash = "sha256:bea5caa5821f540c4577b1eb22723bd2c150792c2c69292518d899d25cb2a8e0"},
    {file = "pyqt6_plugins-6.4.2.2.3-cp39-cp39-manylinux2014_x86_64.whl", hash = "sha256:caac3299a28b1207c4844a4e89b0f4402cab2673a66e9bf46459786e45090b0a"},
    {file = "pyqt6_plugins-6.4.2.2.3-cp39-cp39-win_amd64.whl", hash = "sha256:07985e1289ca066c5e467303f34e31ff56fe217a85535b77ba72d7f7f5d9b7a2"},
]

[package.dependencies]
click = "*"
pyqt6 = "6.4.2"
pyqt6-qt6 = "6.4.3"
qt6-tools = ">=6.4.3.1.2,<6.4.3.2"

[[package]]
name = "pyqt6-qt6"
version = "6.4.3"
description = "The subset of a Qt installation needed by PyQt6."
optional = false
python-versions = "*"
files = [
    {file = "PyQt6_Qt6-6.4.3-py3-none-macosx_10_14_x86_64.whl", hash = "sha256:b133bbc53e1cc05aafd78bfd3a577826481a976021d041c1c57d7dadc7de1c11"},
    {file = "PyQt6_Qt6-6.4.3-py3-none-macosx_11_0_arm64.whl", hash = "sha256:27cc19976c872ae7111fcab8a9e9eae8c5ec5e55bfb6938a379551148b85f5b0"},
    {file = "PyQt6_Qt6-6.4.3-py3-none-manylinux_2_28_x86_64.whl", hash = "sha256:96f30cca49af18f6863c66576b90f2f29987dc35397994d0575b197226c5b328"},
    {file = "PyQt6_Qt6-6.4.3-py3-none-win_amd64.whl", hash = "sha256:b0151097aa93235676c0f83ce23916ee31ca8584bd1b45923725068404542cc2"},
]

[[package]]
name = "pyqt6-sip"
version = "13.5.2"
description = "The sip module support for PyQt6"
optional = false
python-versions = ">=3.7"
files = [
    {file = "PyQt6_sip-13.5.2-cp310-cp310-macosx_10_9_universal2.whl", hash = "sha256:c0b4e55c4d0dc44728da90eb1451dfff0d05260b4a3496ff0014494e6c1865a6"},
    {file = "PyQt6_sip-13.5.2-cp310-cp310-manylinux_2_5_x86_64.manylinux1_x86_64.whl", hash = "sha256:9ad5b8c4c92d62e00ebf254a4c9656668b130f2a1d2792034e0d82b2d6571509"},
    {file = "PyQt6_sip-13.5.2-cp310-cp310-win_amd64.whl", hash = "sha256:5d0fd42da765198b51d7fe12c29721cbe3e14b77ca4f68aa43618149ee7dbeff"},
    {file = "PyQt6_sip-13.5.2-cp311-cp311-macosx_10_9_universal2.whl", hash = "sha256:4b5b0c4b557e0293eba008021342459a0f91c69a7a2eb5231276d495d1d2960a"},
    {file = "PyQt6_sip-13.5.2-cp311-cp311-manylinux_2_5_x86_64.manylinux1_x86_64.whl", hash = "sha256:831f5d606fc5296a80303ab30892c3308954c5766039bf7a96267488bb2524a5"},
    {file = "PyQt6_sip-13.5.2-cp311-cp311-win_amd64.whl", hash = "sha256:91812f0094443b816a74a89954d60bb50060807f54d7c016a4de7bd29454091e"},
    {file = "PyQt6_sip-13.5.2-cp37-cp37m-macosx_10_9_x86_64.whl", hash = "sha256:94afb031db89159aa330891eba2c937b0378b4b264570998848c7a78eddf7c94"},
    {file = "PyQt6_sip-13.5.2-cp37-cp37m-manylinux_2_5_x86_64.manylinux1_x86_64.whl", hash = "sha256:ace942b78378bff8ae2d6bafccc84465f1ff0cf30720b8321e0bd6c95c36ede6"},
    {file = "PyQt6_sip-13.5.2-cp37-cp37m-win_amd64.whl", hash = "sha256:318d4d1c7ef60f69c68227cef78fc439accc9028ec6149200eea3d34c433d373"},
    {file = "PyQt6_sip-13.5.2-cp38-cp38-macosx_10_9_x86_64.whl", hash = "sha256:87d758ba999baa16459f0a3c7f7ed47a5b45e8991ad691f17345bf3c493a4281"},
    {file = "PyQt6_sip-13.5.2-cp38-cp38-manylinux_2_5_x86_64.manylinux1_x86_64.whl", hash = "sha256:5b499eff7150d9f31fe835a73cc41f076bba2fcde0f5b0325b1284797f17c0ac"},
    {file = "PyQt6_sip-13.5.2-cp38-cp38-win_amd64.whl", hash = "sha256:1bdb1f7b5b2f6ac31d517a6f3a13c38055640ac0014f67a2e5422d2083ce69ec"},
    {file = "PyQt6_sip-13.5.2-cp39-cp39-macosx_10_9_universal2.whl", hash = "sha256:9c9dac067710015895f523f5a2a4d59cbef8624a152b6f9a426e5b848d8c6d29"},
    {file = "PyQt6_sip-13.5.2-cp39-cp39-manylinux_2_5_x86_64.manylinux1_x86_64.whl", hash = "sha256:dcf602c233ee7600e810927adcb9e518d61bc796a6b2013c17feedd24c4e5413"},
    {file = "PyQt6_sip-13.5.2-cp39-cp39-win_amd64.whl", hash = "sha256:b54b0d8d21c5835af8f6d6d8a323a23106e67b7cd4c31e23c35bb4c321000de8"},
    {file = "PyQt6_sip-13.5.2.tar.gz", hash = "sha256:ebf6264b6feda01ba37d3b60a4bb87493bdb87be70f7b2a5384a7acd4902d88d"},
]

[[package]]
name = "pyqt6-tools"
version = "6.4.2.3.3"
description = "PyQt Designer and QML plugins"
optional = false
python-versions = ">=3.7"
files = [
    {file = "pyqt6_tools-6.4.2.3.3-py3-none-any.whl", hash = "sha256:dfeea682e64fb757f447328742402682eaba9784faf25ceedbd6e38e3d8871b7"},
]

[package.dependencies]
click = "*"
pyqt6 = "6.4.2"
pyqt6-plugins = ">=6.4.2.2.2,<6.4.2.3"
python-dotenv = "*"

[[package]]
name = "python-dateutil"
version = "2.8.2"
description = "Extensions to the standard Python datetime module"
optional = false
python-versions = "!=3.0.*,!=3.1.*,!=3.2.*,>=2.7"
files = [
    {file = "python-dateutil-2.8.2.tar.gz", hash = "sha256:0123cacc1627ae19ddf3c27a5de5bd67ee4586fbdd6440d9748f8abb483d3e86"},
    {file = "python_dateutil-2.8.2-py2.py3-none-any.whl", hash = "sha256:961d03dc3453ebbc59dbdea9e4e11c5651520a876d0f4db161e8674aae935da9"},
]

[package.dependencies]
six = ">=1.5"

[[package]]
name = "python-dotenv"
version = "1.0.0"
description = "Read key-value pairs from a .env file and set them as environment variables"
optional = false
python-versions = ">=3.8"
files = [
    {file = "python-dotenv-1.0.0.tar.gz", hash = "sha256:a8df96034aae6d2d50a4ebe8216326c61c3eb64836776504fcca410e5937a3ba"},
    {file = "python_dotenv-1.0.0-py3-none-any.whl", hash = "sha256:f5971a9226b701070a4bf2c38c89e5a3f0d64de8debda981d1db98583009122a"},
]

[package.extras]
cli = ["click (>=5.0)"]

[[package]]
name = "pytz"
version = "2023.3.post1"
description = "World timezone definitions, modern and historical"
optional = false
python-versions = "*"
files = [
    {file = "pytz-2023.3.post1-py2.py3-none-any.whl", hash = "sha256:ce42d816b81b68506614c11e8937d3aa9e41007ceb50bfdcb0749b921bf646c7"},
    {file = "pytz-2023.3.post1.tar.gz", hash = "sha256:7b4fddbeb94a1eba4b557da24f19fdf9db575192544270a9101d8509f9f43d7b"},
]

[[package]]
name = "qt6-applications"
version = "6.4.3.2.3"
description = "The collection of Qt tools easily installable in Python"
optional = false
python-versions = ">=3.7"
files = [
    {file = "qt6_applications-6.4.3.2.3-py3-none-macosx_10_14_universal2.whl", hash = "sha256:aa4d1562ab154e32809045a08b7c2cd6fe86f061bbbe179eaba3580397168005"},
    {file = "qt6_applications-6.4.3.2.3-py3-none-manylinux_2_17_x86_64.whl", hash = "sha256:f9c47faf46a71cf1b61b6ffd1908783454c99742fbfd59c49d523f29f035467e"},
    {file = "qt6_applications-6.4.3.2.3-py3-none-win_amd64.whl", hash = "sha256:029a24611a45fa77a403476ce1a54f3046ef4bde5cfaa5ee6477dc17f8053be2"},
]

[[package]]
name = "qt6-tools"
version = "6.4.3.1.3"
description = "Wrappers for the raw Qt programs from qt6-applications"
optional = false
python-versions = ">=3.7"
files = [
    {file = "qt6_tools-6.4.3.1.3-py3-none-any.whl", hash = "sha256:dd01cdf830ec8a14f353b7f6d0b81eb4d7472b86f9fa8e872c8ed9c3465726e3"},
]

[package.dependencies]
click = "*"
qt6-applications = ">=6.4.3.2.2,<6.4.3.3"

[[package]]
name = "six"
version = "1.16.0"
description = "Python 2 and 3 compatibility utilities"
optional = false
python-versions = ">=2.7, !=3.0.*, !=3.1.*, !=3.2.*"
files = [
    {file = "six-1.16.0-py2.py3-none-any.whl", hash = "sha256:8abb2f1d86890a2dfb989f9a77cfcfd3e47c2a354b01111771326f8aa26e0254"},
    {file = "six-1.16.0.tar.gz", hash = "sha256:1e61c37477a1626458e36f7b1d82aa5c9b094fa4802892072e49de9c60c4c926"},
]

[[package]]
name = "tzdata"
version = "2023.3"
description = "Provider of IANA time zone data"
optional = false
python-versions = ">=2"
files = [
    {file = "tzdata-2023.3-py2.py3-none-any.whl", hash = "sha256:7e65763eef3120314099b6939b5546db7adce1e7d6f2e179e3df563c70511eda"},
    {file = "tzdata-2023.3.tar.gz", hash = "sha256:11ef1e08e54acb0d4f95bdb1be05da659673de4acbd21bf9c69e94cc5e907a3a"},
]

[metadata]
lock-version = "2.0"
python-versions = "^3.9.13"
content-hash = "928bad4185370795ac2ef0fc4ff00bd57d988a4b741bfaaf89b93104691182f9"
